// !$*UTF8*$!
{
	archiveVersion = 1;
	classes = {
	};
	objectVersion = 55;
	objects = {

/* Begin PBXBuildFile section */
		30B0CD8727F0FCE200A115B8 /* CountriesApp.swift in Sources */ = {isa = PBXBuildFile; fileRef = 30B0CD8627F0FCE200A115B8 /* CountriesApp.swift */; };
		30B0CD8927F0FCE200A115B8 /* ContentView.swift in Sources */ = {isa = PBXBuildFile; fileRef = 30B0CD8827F0FCE200A115B8 /* ContentView.swift */; };
		30B0CD8B27F0FCE400A115B8 /* Assets.xcassets in Resources */ = {isa = PBXBuildFile; fileRef = 30B0CD8A27F0FCE400A115B8 /* Assets.xcassets */; };
		30B0CD8E27F0FCE400A115B8 /* Preview Assets.xcassets in Resources */ = {isa = PBXBuildFile; fileRef = 30B0CD8D27F0FCE400A115B8 /* Preview Assets.xcassets */; };
		30B0CD9827F0FCE400A115B8 /* CountriesTests.swift in Sources */ = {isa = PBXBuildFile; fileRef = 30B0CD9727F0FCE400A115B8 /* CountriesTests.swift */; };
		30B0CDA227F0FCE400A115B8 /* CountriesUITests.swift in Sources */ = {isa = PBXBuildFile; fileRef = 30B0CDA127F0FCE400A115B8 /* CountriesUITests.swift */; };
		30B0CDA427F0FCE400A115B8 /* CountriesUITestsLaunchTests.swift in Sources */ = {isa = PBXBuildFile; fileRef = 30B0CDA327F0FCE400A115B8 /* CountriesUITestsLaunchTests.swift */; };
		30B0CDB127F0FD9400A115B8 /* CountryView.swift in Sources */ = {isa = PBXBuildFile; fileRef = 30B0CDB027F0FD9400A115B8 /* CountryView.swift */; };
		30B0CDB327F0FDAA00A115B8 /* SavedView.swift in Sources */ = {isa = PBXBuildFile; fileRef = 30B0CDB227F0FDAA00A115B8 /* SavedView.swift */; };
		30B0CDB527F0FDB300A115B8 /* Favorites.swift in Sources */ = {isa = PBXBuildFile; fileRef = 30B0CDB427F0FDB300A115B8 /* Favorites.swift */; };
		30B0CDB727F0FDBC00A115B8 /* Country.swift in Sources */ = {isa = PBXBuildFile; fileRef = 30B0CDB627F0FDBC00A115B8 /* Country.swift */; };
		30B0CDB927F0FDC500A115B8 /* Bundle-Decodable.swift in Sources */ = {isa = PBXBuildFile; fileRef = 30B0CDB827F0FDC500A115B8 /* Bundle-Decodable.swift */; };
		30B0CDBB27F0FDD000A115B8 /* countries.json in Resources */ = {isa = PBXBuildFile; fileRef = 30B0CDBA27F0FDD000A115B8 /* countries.json */; };
/* End PBXBuildFile section */

/* Begin PBXContainerItemProxy section */
		30B0CD9427F0FCE400A115B8 /* PBXContainerItemProxy */ = {
			isa = PBXContainerItemProxy;
			containerPortal = 30B0CD7B27F0FCE200A115B8 /* Project object */;
			proxyType = 1;
			remoteGlobalIDString = 30B0CD8227F0FCE200A115B8;
			remoteInfo = Countries;
		};
		30B0CD9E27F0FCE400A115B8 /* PBXContainerItemProxy */ = {
			isa = PBXContainerItemProxy;
			containerPortal = 30B0CD7B27F0FCE200A115B8 /* Project object */;
			proxyType = 1;
			remoteGlobalIDString = 30B0CD8227F0FCE200A115B8;
			remoteInfo = Countries;
		};
/* End PBXContainerItemProxy section */

/* Begin PBXFileReference section */
		30B0CD8327F0FCE200A115B8 /* Countries.app */ = {isa = PBXFileReference; explicitFileType = wrapper.application; includeInIndex = 0; path = Countries.app; sourceTree = BUILT_PRODUCTS_DIR; };
		30B0CD8627F0FCE200A115B8 /* CountriesApp.swift */ = {isa = PBXFileReference; lastKnownFileType = sourcecode.swift; path = CountriesApp.swift; sourceTree = "<group>"; };
		30B0CD8827F0FCE200A115B8 /* ContentView.swift */ = {isa = PBXFileReference; lastKnownFileType = sourcecode.swift; path = ContentView.swift; sourceTree = "<group>"; };
		30B0CD8A27F0FCE400A115B8 /* Assets.xcassets */ = {isa = PBXFileReference; lastKnownFileType = folder.assetcatalog; path = Assets.xcassets; sourceTree = "<group>"; };
		30B0CD8D27F0FCE400A115B8 /* Preview Assets.xcassets */ = {isa = PBXFileReference; lastKnownFileType = folder.assetcatalog; path = "Preview Assets.xcassets"; sourceTree = "<group>"; };
		30B0CD9327F0FCE400A115B8 /* CountriesTests.xctest */ = {isa = PBXFileReference; explicitFileType = wrapper.cfbundle; includeInIndex = 0; path = CountriesTests.xctest; sourceTree = BUILT_PRODUCTS_DIR; };
		30B0CD9727F0FCE400A115B8 /* CountriesTests.swift */ = {isa = PBXFileReference; lastKnownFileType = sourcecode.swift; path = CountriesTests.swift; sourceTree = "<group>"; };
		30B0CD9D27F0FCE400A115B8 /* CountriesUITests.xctest */ = {isa = PBXFileReference; explicitFileType = wrapper.cfbundle; includeInIndex = 0; path = CountriesUITests.xctest; sourceTree = BUILT_PRODUCTS_DIR; };
		30B0CDA127F0FCE400A115B8 /* CountriesUITests.swift */ = {isa = PBXFileReference; lastKnownFileType = sourcecode.swift; path = CountriesUITests.swift; sourceTree = "<group>"; };
		30B0CDA327F0FCE400A115B8 /* CountriesUITestsLaunchTests.swift */ = {isa = PBXFileReference; lastKnownFileType = sourcecode.swift; path = CountriesUITestsLaunchTests.swift; sourceTree = "<group>"; };
		30B0CDB027F0FD9400A115B8 /* CountryView.swift */ = {isa = PBXFileReference; fileEncoding = 4; lastKnownFileType = sourcecode.swift; path = CountryView.swift; sourceTree = "<group>"; };
		30B0CDB227F0FDAA00A115B8 /* SavedView.swift */ = {isa = PBXFileReference; fileEncoding = 4; lastKnownFileType = sourcecode.swift; path = SavedView.swift; sourceTree = "<group>"; };
		30B0CDB427F0FDB300A115B8 /* Favorites.swift */ = {isa = PBXFileReference; fileEncoding = 4; lastKnownFileType = sourcecode.swift; path = Favorites.swift; sourceTree = "<group>"; };
		30B0CDB627F0FDBC00A115B8 /* Country.swift */ = {isa = PBXFileReference; fileEncoding = 4; lastKnownFileType = sourcecode.swift; path = Country.swift; sourceTree = "<group>"; };
		30B0CDB827F0FDC500A115B8 /* Bundle-Decodable.swift */ = {isa = PBXFileReference; fileEncoding = 4; lastKnownFileType = sourcecode.swift; path = "Bundle-Decodable.swift"; sourceTree = "<group>"; };
		30B0CDBA27F0FDD000A115B8 /* countries.json */ = {isa = PBXFileReference; fileEncoding = 4; lastKnownFileType = text.json; path = countries.json; sourceTree = "<group>"; };
/* End PBXFileReference section */

/* Begin PBXFrameworksBuildPhase section */
		30B0CD8027F0FCE200A115B8 /* Frameworks */ = {
			isa = PBXFrameworksBuildPhase;
			buildActionMask = 2147483647;
			files = (
			);
			runOnlyForDeploymentPostprocessing = 0;
		};
		30B0CD9027F0FCE400A115B8 /* Frameworks */ = {
			isa = PBXFrameworksBuildPhase;
			buildActionMask = 2147483647;
			files = (
			);
			runOnlyForDeploymentPostprocessing = 0;
		};
		30B0CD9A27F0FCE400A115B8 /* Frameworks */ = {
			isa = PBXFrameworksBuildPhase;
			buildActionMask = 2147483647;
			files = (
			);
			runOnlyForDeploymentPostprocessing = 0;
		};
/* End PBXFrameworksBuildPhase section */

/* Begin PBXGroup section */
		30B0CD7A27F0FCE200A115B8 = {
			isa = PBXGroup;
			children = (
				30B0CD8527F0FCE200A115B8 /* Countries */,
				30B0CD9627F0FCE400A115B8 /* CountriesTests */,
				30B0CDA027F0FCE400A115B8 /* CountriesUITests */,
				30B0CD8427F0FCE200A115B8 /* Products */,
			);
			sourceTree = "<group>";
		};
		30B0CD8427F0FCE200A115B8 /* Products */ = {
			isa = PBXGroup;
			children = (
				30B0CD8327F0FCE200A115B8 /* Countries.app */,
				30B0CD9327F0FCE400A115B8 /* CountriesTests.xctest */,
				30B0CD9D27F0FCE400A115B8 /* CountriesUITests.xctest */,
			);
			name = Products;
			sourceTree = "<group>";
		};
		30B0CD8527F0FCE200A115B8 /* Countries */ = {
			isa = PBXGroup;
			children = (
				30B0CD8627F0FCE200A115B8 /* CountriesApp.swift */,
				30B0CD8827F0FCE200A115B8 /* ContentView.swift */,
				30B0CDB027F0FD9400A115B8 /* CountryView.swift */,
				30B0CDB227F0FDAA00A115B8 /* SavedView.swift */,
				30B0CDB427F0FDB300A115B8 /* Favorites.swift */,
				30B0CDB627F0FDBC00A115B8 /* Country.swift */,
				30B0CDB827F0FDC500A115B8 /* Bundle-Decodable.swift */,
				30B0CDBA27F0FDD000A115B8 /* countries.json */,
				30B0CD8A27F0FCE400A115B8 /* Assets.xcassets */,
				30B0CD8C27F0FCE400A115B8 /* Preview Content */,
			);
			path = Countries;
			sourceTree = "<group>";
		};
		30B0CD8C27F0FCE400A115B8 /* Preview Content */ = {
			isa = PBXGroup;
			children = (
				30B0CD8D27F0FCE400A115B8 /* Preview Assets.xcassets */,
			);
			path = "Preview Content";
			sourceTree = "<group>";
		};
		30B0CD9627F0FCE400A115B8 /* CountriesTests */ = {
			isa = PBXGroup;
			children = (
				30B0CD9727F0FCE400A115B8 /* CountriesTests.swift */,
			);
			path = CountriesTests;
			sourceTree = "<group>";
		};
		30B0CDA027F0FCE400A115B8 /* CountriesUITests */ = {
			isa = PBXGroup;
			children = (
				30B0CDA127F0FCE400A115B8 /* CountriesUITests.swift */,
				30B0CDA327F0FCE400A115B8 /* CountriesUITestsLaunchTests.swift */,
			);
			path = CountriesUITests;
			sourceTree = "<group>";
		};
/* End PBXGroup section */

/* Begin PBXNativeTarget section */
		30B0CD8227F0FCE200A115B8 /* Countries */ = {
			isa = PBXNativeTarget;
			buildConfigurationList = 30B0CDA727F0FCE400A115B8 /* Build configuration list for PBXNativeTarget "Countries" */;
			buildPhases = (
				30B0CD7F27F0FCE200A115B8 /* Sources */,
				30B0CD8027F0FCE200A115B8 /* Frameworks */,
				30B0CD8127F0FCE200A115B8 /* Resources */,
			);
			buildRules = (
			);
			dependencies = (
			);
			name = Countries;
			productName = Countries;
			productReference = 30B0CD8327F0FCE200A115B8 /* Countries.app */;
			productType = "com.apple.product-type.application";
		};
		30B0CD9227F0FCE400A115B8 /* CountriesTests */ = {
			isa = PBXNativeTarget;
			buildConfigurationList = 30B0CDAA27F0FCE400A115B8 /* Build configuration list for PBXNativeTarget "CountriesTests" */;
			buildPhases = (
				30B0CD8F27F0FCE400A115B8 /* Sources */,
				30B0CD9027F0FCE400A115B8 /* Frameworks */,
				30B0CD9127F0FCE400A115B8 /* Resources */,
			);
			buildRules = (
			);
			dependencies = (
				30B0CD9527F0FCE400A115B8 /* PBXTargetDependency */,
			);
			name = CountriesTests;
			productName = CountriesTests;
			productReference = 30B0CD9327F0FCE400A115B8 /* CountriesTests.xctest */;
			productType = "com.apple.product-type.bundle.unit-test";
		};
		30B0CD9C27F0FCE400A115B8 /* CountriesUITests */ = {
			isa = PBXNativeTarget;
			buildConfigurationList = 30B0CDAD27F0FCE400A115B8 /* Build configuration list for PBXNativeTarget "CountriesUITests" */;
			buildPhases = (
				30B0CD9927F0FCE400A115B8 /* Sources */,
				30B0CD9A27F0FCE400A115B8 /* Frameworks */,
				30B0CD9B27F0FCE400A115B8 /* Resources */,
			);
			buildRules = (
			);
			dependencies = (
				30B0CD9F27F0FCE400A115B8 /* PBXTargetDependency */,
			);
			name = CountriesUITests;
			productName = CountriesUITests;
			productReference = 30B0CD9D27F0FCE400A115B8 /* CountriesUITests.xctest */;
			productType = "com.apple.product-type.bundle.ui-testing";
		};
/* End PBXNativeTarget section */

/* Begin PBXProject section */
		30B0CD7B27F0FCE200A115B8 /* Project object */ = {
			isa = PBXProject;
			attributes = {
				BuildIndependentTargetsInParallel = 1;
				LastSwiftUpdateCheck = 1330;
				LastUpgradeCheck = 1330;
				TargetAttributes = {
					30B0CD8227F0FCE200A115B8 = {
						CreatedOnToolsVersion = 13.3;
					};
					30B0CD9227F0FCE400A115B8 = {
						CreatedOnToolsVersion = 13.3;
						TestTargetID = 30B0CD8227F0FCE200A115B8;
					};
					30B0CD9C27F0FCE400A115B8 = {
						CreatedOnToolsVersion = 13.3;
						TestTargetID = 30B0CD8227F0FCE200A115B8;
					};
				};
			};
			buildConfigurationList = 30B0CD7E27F0FCE200A115B8 /* Build configuration list for PBXProject "Countries" */;
			compatibilityVersion = "Xcode 13.0";
			developmentRegion = en;
			hasScannedForEncodings = 0;
			knownRegions = (
				en,
				Base,
			);
			mainGroup = 30B0CD7A27F0FCE200A115B8;
			productRefGroup = 30B0CD8427F0FCE200A115B8 /* Products */;
			projectDirPath = "";
			projectRoot = "";
			targets = (
				30B0CD8227F0FCE200A115B8 /* Countries */,
				30B0CD9227F0FCE400A115B8 /* CountriesTests */,
				30B0CD9C27F0FCE400A115B8 /* CountriesUITests */,
			);
		};
/* End PBXProject section */

/* Begin PBXResourcesBuildPhase section */
		30B0CD8127F0FCE200A115B8 /* Resources */ = {
			isa = PBXResourcesBuildPhase;
			buildActionMask = 2147483647;
			files = (
				30B0CDBB27F0FDD000A115B8 /* countries.json in Resources */,
				30B0CD8E27F0FCE400A115B8 /* Preview Assets.xcassets in Resources */,
				30B0CD8B27F0FCE400A115B8 /* Assets.xcassets in Resources */,
			);
			runOnlyForDeploymentPostprocessing = 0;
		};
		30B0CD9127F0FCE400A115B8 /* Resources */ = {
			isa = PBXResourcesBuildPhase;
			buildActionMask = 2147483647;
			files = (
			);
			runOnlyForDeploymentPostprocessing = 0;
		};
		30B0CD9B27F0FCE400A115B8 /* Resources */ = {
			isa = PBXResourcesBuildPhase;
			buildActionMask = 2147483647;
			files = (
			);
			runOnlyForDeploymentPostprocessing = 0;
		};
/* End PBXResourcesBuildPhase section */

/* Begin PBXSourcesBuildPhase section */
		30B0CD7F27F0FCE200A115B8 /* Sources */ = {
			isa = PBXSourcesBuildPhase;
			buildActionMask = 2147483647;
			files = (
				30B0CDB327F0FDAA00A115B8 /* SavedView.swift in Sources */,
				30B0CDB127F0FD9400A115B8 /* CountryView.swift in Sources */,
				30B0CD8927F0FCE200A115B8 /* ContentView.swift in Sources */,
				30B0CDB527F0FDB300A115B8 /* Favorites.swift in Sources */,
				30B0CDB727F0FDBC00A115B8 /* Country.swift in Sources */,
				30B0CDB927F0FDC500A115B8 /* Bundle-Decodable.swift in Sources */,
				30B0CD8727F0FCE200A115B8 /* CountriesApp.swift in Sources */,
			);
			runOnlyForDeploymentPostprocessing = 0;
		};
		30B0CD8F27F0FCE400A115B8 /* Sources */ = {
			isa = PBXSourcesBuildPhase;
			buildActionMask = 2147483647;
			files = (
				30B0CD9827F0FCE400A115B8 /* CountriesTests.swift in Sources */,
			);
			runOnlyForDeploymentPostprocessing = 0;
		};
		30B0CD9927F0FCE400A115B8 /* Sources */ = {
			isa = PBXSourcesBuildPhase;
			buildActionMask = 2147483647;
			files = (
				30B0CDA227F0FCE400A115B8 /* CountriesUITests.swift in Sources */,
				30B0CDA427F0FCE400A115B8 /* CountriesUITestsLaunchTests.swift in Sources */,
			);
			runOnlyForDeploymentPostprocessing = 0;
		};
/* End PBXSourcesBuildPhase section */

/* Begin PBXTargetDependency section */
		30B0CD9527F0FCE400A115B8 /* PBXTargetDependency */ = {
			isa = PBXTargetDependency;
			target = 30B0CD8227F0FCE200A115B8 /* Countries */;
			targetProxy = 30B0CD9427F0FCE400A115B8 /* PBXContainerItemProxy */;
		};
		30B0CD9F27F0FCE400A115B8 /* PBXTargetDependency */ = {
			isa = PBXTargetDependency;
			target = 30B0CD8227F0FCE200A115B8 /* Countries */;
			targetProxy = 30B0CD9E27F0FCE400A115B8 /* PBXContainerItemProxy */;
		};
/* End PBXTargetDependency section */

/* Begin XCBuildConfiguration section */
		30B0CDA527F0FCE400A115B8 /* Debug */ = {
			isa = XCBuildConfiguration;
			buildSettings = {
				ALWAYS_SEARCH_USER_PATHS = NO;
				CLANG_ANALYZER_NONNULL = YES;
				CLANG_ANALYZER_NUMBER_OBJECT_CONVERSION = YES_AGGRESSIVE;
				CLANG_CXX_LANGUAGE_STANDARD = "gnu++17";
				CLANG_ENABLE_MODULES = YES;
				CLANG_ENABLE_OBJC_ARC = YES;
				CLANG_ENABLE_OBJC_WEAK = YES;
				CLANG_WARN_BLOCK_CAPTURE_AUTORELEASING = YES;
				CLANG_WARN_BOOL_CONVERSION = YES;
				CLANG_WARN_COMMA = YES;
				CLANG_WARN_CONSTANT_CONVERSION = YES;
				CLANG_WARN_DEPRECATED_OBJC_IMPLEMENTATIONS = YES;
				CLANG_WARN_DIRECT_OBJC_ISA_USAGE = YES_ERROR;
				CLANG_WARN_DOCUMENTATION_COMMENTS = YES;
				CLANG_WARN_EMPTY_BODY = YES;
				CLANG_WARN_ENUM_CONVERSION = YES;
				CLANG_WARN_INFINITE_RECURSION = YES;
				CLANG_WARN_INT_CONVERSION = YES;
				CLANG_WARN_NON_LITERAL_NULL_CONVERSION = YES;
				CLANG_WARN_OBJC_IMPLICIT_RETAIN_SELF = YES;
				CLANG_WARN_OBJC_LITERAL_CONVERSION = YES;
				CLANG_WARN_OBJC_ROOT_CLASS = YES_ERROR;
				CLANG_WARN_QUOTED_INCLUDE_IN_FRAMEWORK_HEADER = YES;
				CLANG_WARN_RANGE_LOOP_ANALYSIS = YES;
				CLANG_WARN_STRICT_PROTOTYPES = YES;
				CLANG_WARN_SUSPICIOUS_MOVE = YES;
				CLANG_WARN_UNGUARDED_AVAILABILITY = YES_AGGRESSIVE;
				CLANG_WARN_UNREACHABLE_CODE = YES;
				CLANG_WARN__DUPLICATE_METHOD_MATCH = YES;
				COPY_PHASE_STRIP = NO;
				DEBUG_INFORMATION_FORMAT = dwarf;
				ENABLE_STRICT_OBJC_MSGSEND = YES;
				ENABLE_TESTABILITY = YES;
				GCC_C_LANGUAGE_STANDARD = gnu11;
				GCC_DYNAMIC_NO_PIC = NO;
				GCC_NO_COMMON_BLOCKS = YES;
				GCC_OPTIMIZATION_LEVEL = 0;
				GCC_PREPROCESSOR_DEFINITIONS = (
					"DEBUG=1",
					"$(inherited)",
				);
				GCC_WARN_64_TO_32_BIT_CONVERSION = YES;
				GCC_WARN_ABOUT_RETURN_TYPE = YES_ERROR;
				GCC_WARN_UNDECLARED_SELECTOR = YES;
				GCC_WARN_UNINITIALIZED_AUTOS = YES_AGGRESSIVE;
				GCC_WARN_UNUSED_FUNCTION = YES;
				GCC_WARN_UNUSED_VARIABLE = YES;
				IPHONEOS_DEPLOYMENT_TARGET = 15.4;
				MTL_ENABLE_DEBUG_INFO = INCLUDE_SOURCE;
				MTL_FAST_MATH = YES;
				ONLY_ACTIVE_ARCH = YES;
				SDKROOT = iphoneos;
				SWIFT_ACTIVE_COMPILATION_CONDITIONS = DEBUG;
				SWIFT_OPTIMIZATION_LEVEL = "-Onone";
			};
			name = Debug;
		};
		30B0CDA627F0FCE400A115B8 /* Release */ = {
			isa = XCBuildConfiguration;
			buildSettings = {
				ALWAYS_SEARCH_USER_PATHS = NO;
				CLANG_ANALYZER_NONNULL = YES;
				CLANG_ANALYZER_NUMBER_OBJECT_CONVERSION = YES_AGGRESSIVE;
				CLANG_CXX_LANGUAGE_STANDARD = "gnu++17";
				CLANG_ENABLE_MODULES = YES;
				CLANG_ENABLE_OBJC_ARC = YES;
				CLANG_ENABLE_OBJC_WEAK = YES;
				CLANG_WARN_BLOCK_CAPTURE_AUTORELEASING = YES;
				CLANG_WARN_BOOL_CONVERSION = YES;
				CLANG_WARN_COMMA = YES;
				CLANG_WARN_CONSTANT_CONVERSION = YES;
				CLANG_WARN_DEPRECATED_OBJC_IMPLEMENTATIONS = YES;
				CLANG_WARN_DIRECT_OBJC_ISA_USAGE = YES_ERROR;
				CLANG_WARN_DOCUMENTATION_COMMENTS = YES;
				CLANG_WARN_EMPTY_BODY = YES;
				CLANG_WARN_ENUM_CONVERSION = YES;
				CLANG_WARN_INFINITE_RECURSION = YES;
				CLANG_WARN_INT_CONVERSION = YES;
				CLANG_WARN_NON_LITERAL_NULL_CONVERSION = YES;
				CLANG_WARN_OBJC_IMPLICIT_RETAIN_SELF = YES;
				CLANG_WARN_OBJC_LITERAL_CONVERSION = YES;
				CLANG_WARN_OBJC_ROOT_CLASS = YES_ERROR;
				CLANG_WARN_QUOTED_INCLUDE_IN_FRAMEWORK_HEADER = YES;
				CLANG_WARN_RANGE_LOOP_ANALYSIS = YES;
				CLANG_WARN_STRICT_PROTOTYPES = YES;
				CLANG_WARN_SUSPICIOUS_MOVE = YES;
				CLANG_WARN_UNGUARDED_AVAILABILITY = YES_AGGRESSIVE;
				CLANG_WARN_UNREACHABLE_CODE = YES;
				CLANG_WARN__DUPLICATE_METHOD_MATCH = YES;
				COPY_PHASE_STRIP = NO;
				DEBUG_INFORMATION_FORMAT = "dwarf-with-dsym";
				ENABLE_NS_ASSERTIONS = NO;
				ENABLE_STRICT_OBJC_MSGSEND = YES;
				GCC_C_LANGUAGE_STANDARD = gnu11;
				GCC_NO_COMMON_BLOCKS = YES;
				GCC_WARN_64_TO_32_BIT_CONVERSION = YES;
				GCC_WARN_ABOUT_RETURN_TYPE = YES_ERROR;
				GCC_WARN_UNDECLARED_SELECTOR = YES;
				GCC_WARN_UNINITIALIZED_AUTOS = YES_AGGRESSIVE;
				GCC_WARN_UNUSED_FUNCTION = YES;
				GCC_WARN_UNUSED_VARIABLE = YES;
				IPHONEOS_DEPLOYMENT_TARGET = 15.4;
				MTL_ENABLE_DEBUG_INFO = NO;
				MTL_FAST_MATH = YES;
				SDKROOT = iphoneos;
				SWIFT_COMPILATION_MODE = wholemodule;
				SWIFT_OPTIMIZATION_LEVEL = "-O";
				VALIDATE_PRODUCT = YES;
			};
			name = Release;
		};
		30B0CDA827F0FCE400A115B8 /* Debug */ = {
			isa = XCBuildConfiguration;
			buildSettings = {
				ASSETCATALOG_COMPILER_APPICON_NAME = AppIcon;
				ASSETCATALOG_COMPILER_GLOBAL_ACCENT_COLOR_NAME = AccentColor;
				CODE_SIGN_STYLE = Automatic;
				CURRENT_PROJECT_VERSION = 1;
				DEVELOPMENT_ASSET_PATHS = "\"Countries/Preview Content\"";
				ENABLE_PREVIEWS = YES;
				GENERATE_INFOPLIST_FILE = YES;
				INFOPLIST_KEY_UIApplicationSceneManifest_Generation = YES;
				INFOPLIST_KEY_UIApplicationSupportsIndirectInputEvents = YES;
				INFOPLIST_KEY_UILaunchScreen_Generation = YES;
				INFOPLIST_KEY_UISupportedInterfaceOrientations_iPad = "UIInterfaceOrientationPortrait UIInterfaceOrientationPortraitUpsideDown UIInterfaceOrientationLandscapeLeft UIInterfaceOrientationLandscapeRight";
				INFOPLIST_KEY_UISupportedInterfaceOrientations_iPhone = "UIInterfaceOrientationPortrait UIInterfaceOrientationLandscapeLeft UIInterfaceOrientationLandscapeRight";
				LD_RUNPATH_SEARCH_PATHS = (
					"$(inherited)",
					"@executable_path/Frameworks",
				);
				MARKETING_VERSION = 1.0;
				PRODUCT_BUNDLE_IDENTIFIER = fagrak.Countries;
				PRODUCT_NAME = "$(TARGET_NAME)";
				SWIFT_EMIT_LOC_STRINGS = YES;
				SWIFT_VERSION = 5.0;
				TARGETED_DEVICE_FAMILY = "1,2";
			};
			name = Debug;
		};
		30B0CDA927F0FCE400A115B8 /* Release */ = {
			isa = XCBuildConfiguration;
			buildSettings = {
				ASSETCATALOG_COMPILER_APPICON_NAME = AppIcon;
				ASSETCATALOG_COMPILER_GLOBAL_ACCENT_COLOR_NAME = AccentColor;
				CODE_SIGN_STYLE = Automatic;
				CURRENT_PROJECT_VERSION = 1;
				DEVELOPMENT_ASSET_PATHS = "\"Countries/Preview Content\"";
				ENABLE_PREVIEWS = YES;
				GENERATE_INFOPLIST_FILE = YES;
				INFOPLIST_KEY_UIApplicationSceneManifest_Generation = YES;
				INFOPLIST_KEY_UIApplicationSupportsIndirectInputEvents = YES;
				INFOPLIST_KEY_UILaunchScreen_Generation = YES;
				INFOPLIST_KEY_UISupportedInterfaceOrientations_iPad = "UIInterfaceOrientationPortrait UIInterfaceOrientationPortraitUpsideDown UIInterfaceOrientationLandscapeLeft UIInterfaceOrientationLandscapeRight";
				INFOPLIST_KEY_UISupportedInterfaceOrientations_iPhone = "UIInterfaceOrientationPortrait UIInterfaceOrientationLandscapeLeft UIInterfaceOrientationLandscapeRight";
				LD_RUNPATH_SEARCH_PATHS = (
					"$(inherited)",
					"@executable_path/Frameworks",
				);
				MARKETING_VERSION = 1.0;
				PRODUCT_BUNDLE_IDENTIFIER = fagrak.Countries;
				PRODUCT_NAME = "$(TARGET_NAME)";
				SWIFT_EMIT_LOC_STRINGS = YES;
				SWIFT_VERSION = 5.0;
				TARGETED_DEVICE_FAMILY = "1,2";
			};
			name = Release;
		};
		30B0CDAB27F0FCE400A115B8 /* Debug */ = {
			isa = XCBuildConfiguration;
			buildSettings = {
				ALWAYS_EMBED_SWIFT_STANDARD_LIBRARIES = YES;
				BUNDLE_LOADER = "$(TEST_HOST)";
				CODE_SIGN_STYLE = Automatic;
				CURRENT_PROJECT_VERSION = 1;
				GENERATE_INFOPLIST_FILE = YES;
				IPHONEOS_DEPLOYMENT_TARGET = 15.4;
				MARKETING_VERSION = 1.0;
				PRODUCT_BUNDLE_IDENTIFIER = fagrak.CountriesTests;
				PRODUCT_NAME = "$(TARGET_NAME)";
				SWIFT_EMIT_LOC_STRINGS = NO;
				SWIFT_VERSION = 5.0;
				TARGETED_DEVICE_FAMILY = "1,2";
				TEST_HOST = "$(BUILT_PRODUCTS_DIR)/Countries.app/Countries";
			};
			name = Debug;
		};
		30B0CDAC27F0FCE400A115B8 /* Release */ = {
			isa = XCBuildConfiguration;
			buildSettings = {
				ALWAYS_EMBED_SWIFT_STANDARD_LIBRARIES = YES;
				BUNDLE_LOADER = "$(TEST_HOST)";
				CODE_SIGN_STYLE = Automatic;
				CURRENT_PROJECT_VERSION = 1;
				GENERATE_INFOPLIST_FILE = YES;
				IPHONEOS_DEPLOYMENT_TARGET = 15.4;
				MARKETING_VERSION = 1.0;
				PRODUCT_BUNDLE_IDENTIFIER = fagrak.CountriesTests;
				PRODUCT_NAME = "$(TARGET_NAME)";
				SWIFT_EMIT_LOC_STRINGS = NO;
				SWIFT_VERSION = 5.0;
				TARGETED_DEVICE_FAMILY = "1,2";
				TEST_HOST = "$(BUILT_PRODUCTS_DIR)/Countries.app/Countries";
			};
			name = Release;
		};
		30B0CDAE27F0FCE400A115B8 /* Debug */ = {
			isa = XCBuildConfiguration;
			buildSettings = {
				ALWAYS_EMBED_SWIFT_STANDARD_LIBRARIES = YES;
				CODE_SIGN_STYLE = Automatic;
				CURRENT_PROJECT_VERSION = 1;
				GENERATE_INFOPLIST_FILE = YES;
				MARKETING_VERSION = 1.0;
				PRODUCT_BUNDLE_IDENTIFIER = fagrak.CountriesUITests;
				PRODUCT_NAME = "$(TARGET_NAME)";
				SWIFT_EMIT_LOC_STRINGS = NO;
				SWIFT_VERSION = 5.0;
				TARGETED_DEVICE_FAMILY = "1,2";
				TEST_TARGET_NAME = Countries;
			};
			name = Debug;
		};
		30B0CDAF27F0FCE400A115B8 /* Release */ = {
			isa = XCBuildConfiguration;
			buildSettings = {
				ALWAYS_EMBED_SWIFT_STANDARD_LIBRARIES = YES;
				CODE_SIGN_STYLE = Automatic;
				CURRENT_PROJECT_VERSION = 1;
				GENERATE_INFOPLIST_FILE = YES;
				MARKETING_VERSION = 1.0;
				PRODUCT_BUNDLE_IDENTIFIER = fagrak.CountriesUITests;
				PRODUCT_NAME = "$(TARGET_NAME)";
				SWIFT_EMIT_LOC_STRINGS = NO;
				SWIFT_VERSION = 5.0;
				TARGETED_DEVICE_FAMILY = "1,2";
				TEST_TARGET_NAME = Countries;
			};
			name = Release;
		};
/* End XCBuildConfiguration section */

/* Begin XCConfigurationList section */
		30B0CD7E27F0FCE200A115B8 /* Build configuration list for PBXProject "Countries" */ = {
			isa = XCConfigurationList;
			buildConfigurations = (
				30B0CDA527F0FCE400A115B8 /* Debug */,
				30B0CDA627F0FCE400A115B8 /* Release */,
			);
			defaultConfigurationIsVisible = 0;
			defaultConfigurationName = Release;
		};
		30B0CDA727F0FCE400A115B8 /* Build configuration list for PBXNativeTarget "Countries" */ = {
			isa = XCConfigurationList;
			buildConfigurations = (
				30B0CDA827F0FCE400A115B8 /* Debug */,
				30B0CDA927F0FCE400A115B8 /* Release */,
			);
			defaultConfigurationIsVisible = 0;
			defaultConfigurationName = Release;
		};
		30B0CDAA27F0FCE400A115B8 /* Build configuration list for PBXNativeTarget "CountriesTests" */ = {
			isa = XCConfigurationList;
			buildConfigurations = (
				30B0CDAB27F0FCE400A115B8 /* Debug */,
				30B0CDAC27F0FCE400A115B8 /* Release */,
			);
			defaultConfigurationIsVisible = 0;
			defaultConfigurationName = Release;
		};
		30B0CDAD27F0FCE400A115B8 /* Build configuration list for PBXNativeTarget "CountriesUITests" */ = {
			isa = XCConfigurationList;
			buildConfigurations = (
				30B0CDAE27F0FCE400A115B8 /* Debug */,
				30B0CDAF27F0FCE400A115B8 /* Release */,
			);
			defaultConfigurationIsVisible = 0;
			defaultConfigurationName = Release;
		};
/* End XCConfigurationList section */
	};
	rootObject = 30B0CD7B27F0FCE200A115B8 /* Project object */;
}
